// !$*UTF8*$!
{
	archiveVersion = 1;
	classes = {
	};
	objectVersion = 48;
	objects = {

/* Begin PBXBuildFile section */
		8D302BA51FCCA2D000404607 /* main.cpp in Sources */ = {isa = PBXBuildFile; fileRef = 8D302BA41FCCA2D000404607 /* main.cpp */; };
		8D302BAD1FCCA33900404607 /* Wezel.cpp in Sources */ = {isa = PBXBuildFile; fileRef = 8D302BAB1FCCA33900404607 /* Wezel.cpp */; };
		8D302BB01FCCA3DB00404607 /* Siec.cpp in Sources */ = {isa = PBXBuildFile; fileRef = 8D302BAE1FCCA3DB00404607 /* Siec.cpp */; };
		8D302BB31FCCA42F00404607 /* Sciezka.cpp in Sources */ = {isa = PBXBuildFile; fileRef = 8D302BB11FCCA42F00404607 /* Sciezka.cpp */; };
		8D302BB61FCCA48900404607 /* Lacze.cpp in Sources */ = {isa = PBXBuildFile; fileRef = 8D302BB41FCCA48900404607 /* Lacze.cpp */; };
		8D302BBF1FCCA7CB00404607 /* storzGraf.cpp in Sources */ = {isa = PBXBuildFile; fileRef = 8D302BBD1FCCA7CB00404607 /* storzGraf.cpp */; };
		8D302BC91FCCACD900404607 /* znajdzIdodajDoZlacza.cpp in Sources */ = {isa = PBXBuildFile; fileRef = 8D302BC71FCCACD900404607 /* znajdzIdodajDoZlacza.cpp */; };
		8D302BCC1FCCAE3600404607 /* glownaFunkcja.cpp in Sources */ = {isa = PBXBuildFile; fileRef = 8D302BCA1FCCAE3600404607 /* glownaFunkcja.cpp */; };
/* End PBXBuildFile section */

/* Begin PBXCopyFilesBuildPhase section */
		8D302B9F1FCCA2D000404607 /* CopyFiles */ = {
			isa = PBXCopyFilesBuildPhase;
			buildActionMask = 2147483647;
			dstPath = /usr/share/man/man1/;
			dstSubfolderSpec = 0;
			files = (
			);
			runOnlyForDeploymentPostprocessing = 1;
		};
/* End PBXCopyFilesBuildPhase section */

/* Begin PBXFileReference section */
		8D302BA11FCCA2D000404607 /* Kruskal */ = {isa = PBXFileReference; explicitFileType = "compiled.mach-o.executable"; includeInIndex = 0; path = Kruskal; sourceTree = BUILT_PRODUCTS_DIR; };
		8D302BA41FCCA2D000404607 /* main.cpp */ = {isa = PBXFileReference; lastKnownFileType = sourcecode.cpp.cpp; path = main.cpp; sourceTree = "<group>"; };
		8D302BAB1FCCA33900404607 /* Wezel.cpp */ = {isa = PBXFileReference; lastKnownFileType = sourcecode.cpp.cpp; path = Wezel.cpp; sourceTree = "<group>"; };
		8D302BAC1FCCA33900404607 /* Wezel.hpp */ = {isa = PBXFileReference; lastKnownFileType = sourcecode.cpp.h; path = Wezel.hpp; sourceTree = "<group>"; };
		8D302BAE1FCCA3DB00404607 /* Siec.cpp */ = {isa = PBXFileReference; lastKnownFileType = sourcecode.cpp.cpp; path = Siec.cpp; sourceTree = "<group>"; };
		8D302BAF1FCCA3DB00404607 /* Siec.hpp */ = {isa = PBXFileReference; lastKnownFileType = sourcecode.cpp.h; path = Siec.hpp; sourceTree = "<group>"; };
		8D302BB11FCCA42F00404607 /* Sciezka.cpp */ = {isa = PBXFileReference; lastKnownFileType = sourcecode.cpp.cpp; path = Sciezka.cpp; sourceTree = "<group>"; };
		8D302BB21FCCA42F00404607 /* Sciezka.hpp */ = {isa = PBXFileReference; lastKnownFileType = sourcecode.cpp.h; path = Sciezka.hpp; sourceTree = "<group>"; };
		8D302BB41FCCA48900404607 /* Lacze.cpp */ = {isa = PBXFileReference; lastKnownFileType = sourcecode.cpp.cpp; path = Lacze.cpp; sourceTree = "<group>"; };
		8D302BB51FCCA48900404607 /* Lacze.hpp */ = {isa = PBXFileReference; lastKnownFileType = sourcecode.cpp.h; path = Lacze.hpp; sourceTree = "<group>"; };
		8D302BB81FCCA68600404607 /* Graf.hpp */ = {isa = PBXFileReference; lastKnownFileType = sourcecode.cpp.h; path = Graf.hpp; sourceTree = "<group>"; };
		8D302BBB1FCCA74E00404607 /* Krawedz.hpp */ = {isa = PBXFileReference; lastKnownFileType = sourcecode.cpp.h; path = Krawedz.hpp; sourceTree = "<group>"; };
		8D302BBD1FCCA7CB00404607 /* storzGraf.cpp */ = {isa = PBXFileReference; lastKnownFileType = sourcecode.cpp.cpp; path = storzGraf.cpp; sourceTree = "<group>"; };
		8D302BC71FCCACD900404607 /* znajdzIdodajDoZlacza.cpp */ = {isa = PBXFileReference; lastKnownFileType = sourcecode.cpp.cpp; path = znajdzIdodajDoZlacza.cpp; sourceTree = "<group>"; };
		8D302BCA1FCCAE3600404607 /* glownaFunkcja.cpp */ = {isa = PBXFileReference; lastKnownFileType = sourcecode.cpp.cpp; path = glownaFunkcja.cpp; sourceTree = "<group>"; };
		8D302BCB1FCCAE3600404607 /* glownaFunkcja.hpp */ = {isa = PBXFileReference; lastKnownFileType = sourcecode.cpp.h; path = glownaFunkcja.hpp; sourceTree = "<group>"; };
/* End PBXFileReference section */

/* Begin PBXFrameworksBuildPhase section */
		8D302B9E1FCCA2D000404607 /* Frameworks */ = {
			isa = PBXFrameworksBuildPhase;
			buildActionMask = 2147483647;
			files = (
			);
			runOnlyForDeploymentPostprocessing = 0;
		};
/* End PBXFrameworksBuildPhase section */

/* Begin PBXGroup section */
		8D302B981FCCA2D000404607 = {
			isa = PBXGroup;
			children = (
				8D302BA31FCCA2D000404607 /* Kruskal */,
				8D302BA21FCCA2D000404607 /* Products */,
			);
			sourceTree = "<group>";
		};
		8D302BA21FCCA2D000404607 /* Products */ = {
			isa = PBXGroup;
			children = (
				8D302BA11FCCA2D000404607 /* Kruskal */,
			);
			name = Products;
			sourceTree = "<group>";
		};
		8D302BA31FCCA2D000404607 /* Kruskal */ = {
			isa = PBXGroup;
			children = (
				8D302BA41FCCA2D000404607 /* main.cpp */,
				8D302BB81FCCA68600404607 /* Graf.hpp */,
				8D302BAB1FCCA33900404607 /* Wezel.cpp */,
				8D302BC71FCCACD900404607 /* znajdzIdodajDoZlacza.cpp */,
				8D302BBB1FCCA74E00404607 /* Krawedz.hpp */,
				8D302BAE1FCCA3DB00404607 /* Siec.cpp */,
				8D302BB11FCCA42F00404607 /* Sciezka.cpp */,
				8D302BBD1FCCA7CB00404607 /* storzGraf.cpp */,
				8D302BB41FCCA48900404607 /* Lacze.cpp */,
				8D302BB51FCCA48900404607 /* Lacze.hpp */,
				8D302BB21FCCA42F00404607 /* Sciezka.hpp */,
				8D302BAF1FCCA3DB00404607 /* Siec.hpp */,
				8D302BCA1FCCAE3600404607 /* glownaFunkcja.cpp */,
				8D302BCB1FCCAE3600404607 /* glownaFunkcja.hpp */,
				8D302BAC1FCCA33900404607 /* Wezel.hpp */,
			);
			path = Kruskal;
			sourceTree = "<group>";
		};
/* End PBXGroup section */

/* Begin PBXNativeTarget section */
		8D302BA01FCCA2D000404607 /* Kruskal */ = {
			isa = PBXNativeTarget;
			buildConfigurationList = 8D302BA81FCCA2D000404607 /* Build configuration list for PBXNativeTarget "Kruskal" */;
			buildPhases = (
				8D302B9D1FCCA2D000404607 /* Sources */,
				8D302B9E1FCCA2D000404607 /* Frameworks */,
				8D302B9F1FCCA2D000404607 /* CopyFiles */,
			);
			buildRules = (
			);
			dependencies = (
			);
			name = Kruskal;
			productName = Kruskal;
			productReference = 8D302BA11FCCA2D000404607 /* Kruskal */;
			productType = "com.apple.product-type.tool";
		};
/* End PBXNativeTarget section */

/* Begin PBXProject section */
		8D302B991FCCA2D000404607 /* Project object */ = {
			isa = PBXProject;
			attributes = {
				LastUpgradeCheck = 0910;
				ORGANIZATIONNAME = "Marta Pałka";
				TargetAttributes = {
					8D302BA01FCCA2D000404607 = {
						CreatedOnToolsVersion = 9.1;
						ProvisioningStyle = Automatic;
					};
				};
			};
			buildConfigurationList = 8D302B9C1FCCA2D000404607 /* Build configuration list for PBXProject "Kruskal" */;
			compatibilityVersion = "Xcode 8.0";
			developmentRegion = en;
			hasScannedForEncodings = 0;
			knownRegions = (
				en,
			);
			mainGroup = 8D302B981FCCA2D000404607;
			productRefGroup = 8D302BA21FCCA2D000404607 /* Products */;
			projectDirPath = "";
			projectRoot = "";
			targets = (
				8D302BA01FCCA2D000404607 /* Kruskal */,
			);
		};
/* End PBXProject section */

/* Begin PBXSourcesBuildPhase section */
		8D302B9D1FCCA2D000404607 /* Sources */ = {
			isa = PBXSourcesBuildPhase;
			buildActionMask = 2147483647;
			files = (
				8D302BB61FCCA48900404607 /* Lacze.cpp in Sources */,
				8D302BB01FCCA3DB00404607 /* Siec.cpp in Sources */,
				8D302BA51FCCA2D000404607 /* main.cpp in Sources */,
				8D302BB31FCCA42F00404607 /* Sciezka.cpp in Sources */,
				8D302BCC1FCCAE3600404607 /* glownaFunkcja.cpp in Sources */,
				8D302BBF1FCCA7CB00404607 /* storzGraf.cpp in Sources */,
				8D302BAD1FCCA33900404607 /* Wezel.cpp in Sources */,
				8D302BC91FCCACD900404607 /* znajdzIdodajDoZlacza.cpp in Sources */,
			);
			runOnlyForDeploymentPostprocessing = 0;
		};
/* End PBXSourcesBuildPhase section */

/* Begin XCBuildConfiguration section */
		8D302BA61FCCA2D000404607 /* Debug */ = {
			isa = XCBuildConfiguration;
			buildSettings = {
				ALWAYS_SEARCH_USER_PATHS = NO;
				CLANG_ANALYZER_NONNULL = YES;
				CLANG_ANALYZER_NUMBER_OBJECT_CONVERSION = YES_AGGRESSIVE;
				CLANG_CXX_LANGUAGE_STANDARD = "gnu++14";
				CLANG_CXX_LIBRARY = "libc++";
				CLANG_ENABLE_MODULES = YES;
				CLANG_ENABLE_OBJC_ARC = YES;
				CLANG_WARN_BLOCK_CAPTURE_AUTORELEASING = YES;
				CLANG_WARN_BOOL_CONVERSION = YES;
				CLANG_WARN_COMMA = YES;
				CLANG_WARN_CONSTANT_CONVERSION = YES;
				CLANG_WARN_DIRECT_OBJC_ISA_USAGE = YES_ERROR;
				CLANG_WARN_DOCUMENTATION_COMMENTS = YES;
				CLANG_WARN_EMPTY_BODY = YES;
				CLANG_WARN_ENUM_CONVERSION = YES;
				CLANG_WARN_INFINITE_RECURSION = YES;
				CLANG_WARN_INT_CONVERSION = YES;
				CLANG_WARN_NON_LITERAL_NULL_CONVERSION = YES;
				CLANG_WARN_OBJC_LITERAL_CONVERSION = YES;
				CLANG_WARN_OBJC_ROOT_CLASS = YES_ERROR;
				CLANG_WARN_RANGE_LOOP_ANALYSIS = YES;
				CLANG_WARN_STRICT_PROTOTYPES = YES;
				CLANG_WARN_SUSPICIOUS_MOVE = YES;
				CLANG_WARN_UNGUARDED_AVAILABILITY = YES_AGGRESSIVE;
				CLANG_WARN_UNREACHABLE_CODE = YES;
				CLANG_WARN__DUPLICATE_METHOD_MATCH = YES;
				CODE_SIGN_IDENTITY = "-";
				COPY_PHASE_STRIP = NO;
				DEBUG_INFORMATION_FORMAT = dwarf;
				ENABLE_STRICT_OBJC_MSGSEND = YES;
				ENABLE_TESTABILITY = YES;
				GCC_C_LANGUAGE_STANDARD = gnu11;
				GCC_DYNAMIC_NO_PIC = NO;
				GCC_NO_COMMON_BLOCKS = YES;
				GCC_OPTIMIZATION_LEVEL = 0;
				GCC_PREPROCESSOR_DEFINITIONS = (
					"DEBUG=1",
					"$(inherited)",
				);
				GCC_WARN_64_TO_32_BIT_CONVERSION = YES;
				GCC_WARN_ABOUT_RETURN_TYPE = YES_ERROR;
				GCC_WARN_UNDECLARED_SELECTOR = YES;
				GCC_WARN_UNINITIALIZED_AUTOS = YES_AGGRESSIVE;
				GCC_WARN_UNUSED_FUNCTION = YES;
				GCC_WARN_UNUSED_VARIABLE = YES;
				MACOSX_DEPLOYMENT_TARGET = 10.12;
				MTL_ENABLE_DEBUG_INFO = YES;
				ONLY_ACTIVE_ARCH = YES;
				SDKROOT = macosx;
			};
			name = Debug;
		};
		8D302BA71FCCA2D000404607 /* Release */ = {
			isa = XCBuildConfiguration;
			buildSettings = {
				ALWAYS_SEARCH_USER_PATHS = NO;
				CLANG_ANALYZER_NONNULL = YES;
				CLANG_ANALYZER_NUMBER_OBJECT_CONVERSION = YES_AGGRESSIVE;
				CLANG_CXX_LANGUAGE_STANDARD = "gnu++14";
				CLANG_CXX_LIBRARY = "libc++";
				CLANG_ENABLE_MODULES = YES;
				CLANG_ENABLE_OBJC_ARC = YES;
				CLANG_WARN_BLOCK_CAPTURE_AUTORELEASING = YES;
				CLANG_WARN_BOOL_CONVERSION = YES;
				CLANG_WARN_COMMA = YES;
				CLANG_WARN_CONSTANT_CONVERSION = YES;
				CLANG_WARN_DIRECT_OBJC_ISA_USAGE = YES_ERROR;
				CLANG_WARN_DOCUMENTATION_COMMENTS = YES;
				CLANG_WARN_EMPTY_BODY = YES;
				CLANG_WARN_ENUM_CONVERSION = YES;
				CLANG_WARN_INFINITE_RECURSION = YES;
				CLANG_WARN_INT_CONVERSION = YES;
				CLANG_WARN_NON_LITERAL_NULL_CONVERSION = YES;
				CLANG_WARN_OBJC_LITERAL_CONVERSION = YES;
				CLANG_WARN_OBJC_ROOT_CLASS = YES_ERROR;
				CLANG_WARN_RANGE_LOOP_ANALYSIS = YES;
				CLANG_WARN_STRICT_PROTOTYPES = YES;
				CLANG_WARN_SUSPICIOUS_MOVE = YES;
				CLANG_WARN_UNGUARDED_AVAILABILITY = YES_AGGRESSIVE;
				CLANG_WARN_UNREACHABLE_CODE = YES;
				CLANG_WARN__DUPLICATE_METHOD_MATCH = YES;
				CODE_SIGN_IDENTITY = "-";
				COPY_PHASE_STRIP = NO;
				DEBUG_INFORMATION_FORMAT = "dwarf-with-dsym";
				ENABLE_NS_ASSERTIONS = NO;
				ENABLE_STRICT_OBJC_MSGSEND = YES;
				GCC_C_LANGUAGE_STANDARD = gnu11;
				GCC_NO_COMMON_BLOCKS = YES;
				GCC_WARN_64_TO_32_BIT_CONVERSION = YES;
				GCC_WARN_ABOUT_RETURN_TYPE = YES_ERROR;
				GCC_WARN_UNDECLARED_SELECTOR = YES;
				GCC_WARN_UNINITIALIZED_AUTOS = YES_AGGRESSIVE;
				GCC_WARN_UNUSED_FUNCTION = YES;
				GCC_WARN_UNUSED_VARIABLE = YES;
				MACOSX_DEPLOYMENT_TARGET = 10.12;
				MTL_ENABLE_DEBUG_INFO = NO;
				SDKROOT = macosx;
			};
			name = Release;
		};
		8D302BA91FCCA2D000404607 /* Debug */ = {
			isa = XCBuildConfiguration;
			buildSettings = {
				CODE_SIGN_STYLE = Automatic;
				PRODUCT_NAME = "$(TARGET_NAME)";
			};
			name = Debug;
		};
		8D302BAA1FCCA2D000404607 /* Release */ = {
			isa = XCBuildConfiguration;
			buildSettings = {
				CODE_SIGN_STYLE = Automatic;
				PRODUCT_NAME = "$(TARGET_NAME)";
			};
			name = Release;
		};
/* End XCBuildConfiguration section */

/* Begin XCConfigurationList section */
		8D302B9C1FCCA2D000404607 /* Build configuration list for PBXProject "Kruskal" */ = {
			isa = XCConfigurationList;
			buildConfigurations = (
				8D302BA61FCCA2D000404607 /* Debug */,
				8D302BA71FCCA2D000404607 /* Release */,
			);
			defaultConfigurationIsVisible = 0;
			defaultConfigurationName = Release;
		};
		8D302BA81FCCA2D000404607 /* Build configuration list for PBXNativeTarget "Kruskal" */ = {
			isa = XCConfigurationList;
			buildConfigurations = (
				8D302BA91FCCA2D000404607 /* Debug */,
				8D302BAA1FCCA2D000404607 /* Release */,
			);
			defaultConfigurationIsVisible = 0;
			defaultConfigurationName = Release;
		};
/* End XCConfigurationList section */
	};
	rootObject = 8D302B991FCCA2D000404607 /* Project object */;
}
